
Microsoft Visual Studio Solution File, Format Version 12.00
# Visual Studio Version 17
VisualStudioVersion = 17.10.34916.146
MinimumVisualStudioVersion = 10.0.40219.1
Project("{FAE04EC0-301F-11D3-BF4B-00C04F79EFBC}") = "auth-jwt", "auth-jwt.csproj", "{1F2E1292-8996-4355-9C86-0DDF6B9FF189}"
EndProject
Global
	GlobalSection(SolutionConfigurationPlatforms) = preSolution
		Debug|Any CPU = Debug|Any CPU
		Release|Any CPU = Release|Any CPU
	EndGlobalSection
	GlobalSection(ProjectConfigurationPlatforms) = postSolution
		{1F2E1292-8996-4355-9C86-0DDF6B9FF189}.Debug|Any CPU.ActiveCfg = Debug|Any CPU
		{1F2E1292-8996-4355-9C86-0DDF6B9FF189}.Debug|Any CPU.Build.0 = Debug|Any CPU
		{1F2E1292-8996-4355-9C86-0DDF6B9FF189}.Release|Any CPU.ActiveCfg = Release|Any CPU
		{1F2E1292-8996-4355-9C86-0DDF6B9FF189}.Release|Any CPU.Build.0 = Release|Any CPU
	EndGlobalSection
	GlobalSection(SolutionProperties) = preSolution
		HideSolutionNode = FALSE
	EndGlobalSection
	GlobalSection(ExtensibilityGlobals) = postSolution
		SolutionGuid = {781B6A19-EA28-4A8D-95EA-DB1CFE48BF15}
	EndGlobalSection
EndGlobal
